
Microsoft Visual Studio Solution File, Format Version 12.00
# Visual Studio Version 16
VisualStudioVersion = 16.0.31410.357
MinimumVisualStudioVersion = 10.0.40219.1
Project("{FAE04EC0-301F-11D3-BF4B-00C04F79EFBC}") = "WebShopv2", "WebShopv2\WebShopv2.csproj", "{986889BC-0E20-4A2C-8DF7-460C2A0A6F86}"
EndProject
Project("{2150E333-8FDC-42A3-9474-1A3956D46DE8}") = "Bootstrapper", "Bootstrapper", "{48A9D913-2818-4029-B49E-B5680F5990BD}"
EndProject
Project("{FAE04EC0-301F-11D3-BF4B-00C04F79EFBC}") = "WebShop.Bootstrapper", "WebShop.Bootstrapper\WebShop.Bootstrapper.csproj", "{603A0C7D-945B-40A2-98C0-0D2D18508A3E}"
EndProject
Project("{2150E333-8FDC-42A3-9474-1A3956D46DE8}") = "Repositories", "Repositories", "{C16F0E2D-0C7C-4A92-8B91-456C40C5871C}"
EndProject
Project("{FAE04EC0-301F-11D3-BF4B-00C04F79EFBC}") = "WebShopRepository", "CustomerRepository\WebShopRepository.csproj", "{A34019CA-9EE4-446F-95E7-0CFEEE4EB3E0}"
EndProject
Global
	GlobalSection(SolutionConfigurationPlatforms) = preSolution
		Debug|Any CPU = Debug|Any CPU
		Release|Any CPU = Release|Any CPU
	EndGlobalSection
	GlobalSection(ProjectConfigurationPlatforms) = postSolution
		{986889BC-0E20-4A2C-8DF7-460C2A0A6F86}.Debug|Any CPU.ActiveCfg = Debug|Any CPU
		{986889BC-0E20-4A2C-8DF7-460C2A0A6F86}.Debug|Any CPU.Build.0 = Debug|Any CPU
		{986889BC-0E20-4A2C-8DF7-460C2A0A6F86}.Release|Any CPU.ActiveCfg = Release|Any CPU
		{986889BC-0E20-4A2C-8DF7-460C2A0A6F86}.Release|Any CPU.Build.0 = Release|Any CPU
		{603A0C7D-945B-40A2-98C0-0D2D18508A3E}.Debug|Any CPU.ActiveCfg = Debug|Any CPU
		{603A0C7D-945B-40A2-98C0-0D2D18508A3E}.Debug|Any CPU.Build.0 = Debug|Any CPU
		{603A0C7D-945B-40A2-98C0-0D2D18508A3E}.Release|Any CPU.ActiveCfg = Release|Any CPU
		{603A0C7D-945B-40A2-98C0-0D2D18508A3E}.Release|Any CPU.Build.0 = Release|Any CPU
		{A34019CA-9EE4-446F-95E7-0CFEEE4EB3E0}.Debug|Any CPU.ActiveCfg = Debug|Any CPU
		{A34019CA-9EE4-446F-95E7-0CFEEE4EB3E0}.Debug|Any CPU.Build.0 = Debug|Any CPU
		{A34019CA-9EE4-446F-95E7-0CFEEE4EB3E0}.Release|Any CPU.ActiveCfg = Release|Any CPU
		{A34019CA-9EE4-446F-95E7-0CFEEE4EB3E0}.Release|Any CPU.Build.0 = Release|Any CPU
	EndGlobalSection
	GlobalSection(SolutionProperties) = preSolution
		HideSolutionNode = FALSE
	EndGlobalSection
	GlobalSection(NestedProjects) = preSolution
		{603A0C7D-945B-40A2-98C0-0D2D18508A3E} = {48A9D913-2818-4029-B49E-B5680F5990BD}
		{A34019CA-9EE4-446F-95E7-0CFEEE4EB3E0} = {C16F0E2D-0C7C-4A92-8B91-456C40C5871C}
	EndGlobalSection
	GlobalSection(ExtensibilityGlobals) = postSolution
		SolutionGuid = {DDE448B0-FD31-4572-B65B-28A091DDDCA4}
	EndGlobalSection
EndGlobal
